
Microsoft Visual Studio Solution File, Format Version 12.00
# Visual Studio 2012
# Ranorex Studio 10.7.0
VisualStudioVersion = 12.0.20827.3
MinimumVisualStudioVersion = 10.0.40219.1
Project("{2150E333-8FDC-42A3-9474-1A3956D46DE8}") = "Solution Items", "Solution Items", "{5568FD45-65D3-42E5-B6B5-43E658D6D9F3}"
	ProjectSection(SolutionItems) = postProject
		Ranorex = .\Ranorex.rxsettings
	EndProjectSection
EndProject
Project("{FAE04EC0-301F-11D3-BF4B-00C04F79EFBC}") = "MyTest", "MyTest\MyTest.csproj", "{81948032-649B-4542-9BF3-7072FFCCF8C0}"
EndProject
Project("{FAE04EC0-301F-11D3-BF4B-00C04F79EFBC}") = "postgres", "postgres\postgres.csproj", "{A0C1E706-1782-4160-B1EC-432D20EEDF80}"
EndProject
Global
	GlobalSection(SolutionConfigurationPlatforms) = preSolution
		Debug|x86 = Debug|x86
		Release|x86 = Release|x86
	EndGlobalSection
	GlobalSection(ProjectConfigurationPlatforms) = postSolution
		{81948032-649B-4542-9BF3-7072FFCCF8C0}.Debug|x86.Build.0 = Debug|x86
		{81948032-649B-4542-9BF3-7072FFCCF8C0}.Debug|x86.ActiveCfg = Debug|x86
		{81948032-649B-4542-9BF3-7072FFCCF8C0}.Release|x86.Build.0 = Release|x86
		{81948032-649B-4542-9BF3-7072FFCCF8C0}.Release|x86.ActiveCfg = Release|x86
		{A0C1E706-1782-4160-B1EC-432D20EEDF80}.Debug|x86.Build.0 = Debug|x86
		{A0C1E706-1782-4160-B1EC-432D20EEDF80}.Debug|x86.ActiveCfg = Debug|x86
		{A0C1E706-1782-4160-B1EC-432D20EEDF80}.Release|x86.Build.0 = Release|x86
		{A0C1E706-1782-4160-B1EC-432D20EEDF80}.Release|x86.ActiveCfg = Release|x86
	EndGlobalSection
EndGlobal
